
Microsoft Visual Studio Solution File, Format Version 12.00
# Visual Studio Version 16
VisualStudioVersion = 16.0.32428.217
MinimumVisualStudioVersion = 10.0.40219.1
Project("{9A19103F-16F7-4668-BE54-9A1E7A4F7556}") = "ASP_PRCTC", "ASP_PRCTC\ASP_PRCTC.csproj", "{DD655BCE-C6BE-4B28-98EB-480F4B7B7002}"
EndProject
Global
	GlobalSection(SolutionConfigurationPlatforms) = preSolution
		Debug|Any CPU = Debug|Any CPU
		Release|Any CPU = Release|Any CPU
	EndGlobalSection
	GlobalSection(ProjectConfigurationPlatforms) = postSolution
		{DD655BCE-C6BE-4B28-98EB-480F4B7B7002}.Debug|Any CPU.ActiveCfg = Debug|Any CPU
		{DD655BCE-C6BE-4B28-98EB-480F4B7B7002}.Debug|Any CPU.Build.0 = Debug|Any CPU
		{DD655BCE-C6BE-4B28-98EB-480F4B7B7002}.Release|Any CPU.ActiveCfg = Release|Any CPU
		{DD655BCE-C6BE-4B28-98EB-480F4B7B7002}.Release|Any CPU.Build.0 = Release|Any CPU
	EndGlobalSection
	GlobalSection(SolutionProperties) = preSolution
		HideSolutionNode = FALSE
	EndGlobalSection
	GlobalSection(ExtensibilityGlobals) = postSolution
		SolutionGuid = {110E71A2-B357-4C2B-BE51-22A834A2CA10}
	EndGlobalSection
EndGlobal
